<Solution>
  <Folder Name="/src/" />
  <Folder Name="/src/ArticleService/">
    <Project Path="src/ArticleService/ArticleService.Api/ArticleService.Api.csproj" />
    <Project Path="src/ArticleService/ArticleService.Application/ArticleService.Application.csproj" />
    <Project Path="src/ArticleService/ArticleService.Domain/ArticleService.Domain.csproj" />
    <Project Path="src/ArticleService/ArticleService.Infrastructure/ArticleService.Infrastructure.csproj" />
  </Folder>
  <Folder Name="/src/DraftService/">
    <Project Path="src/DraftService/DraftService.Api/DraftService.Api.csproj" />
    <Project Path="src/DraftService/DraftService.Application/DraftService.Application.csproj" />
    <Project Path="src/DraftService/DraftService.Domain/DraftService.Domain.csproj" />
    <Project Path="src/DraftService/DraftService.Infrastructure/DraftService.Infrastructure.csproj" />
  </Folder>
  <Folder Name="/src/CommentService/">
    <Project Path="src/CommentService/CommentService.Api/CommentService.Api.csproj" />
    <Project Path="src/CommentService/CommentService.Application/CommentService.Application.csproj" />
    <Project Path="src/CommentService/CommentService.Domain/CommentService.Domain.csproj" />
    <Project Path="src/CommentService/CommentService.Infrastructure/CommentService.Infrastructure.csproj" />
  </Folder>
  <Folder Name="/src/ProfanityService/">
    <Project Path="src/ProfanityService/ProfanityService.Api/ProfanityService.Api.csproj" />
    <Project Path="src/ProfanityService/ProfanityService.Application/ProfanityService.Application.csproj" />
    <Project Path="src/ProfanityService/ProfanityService.Domain/ProfanityService.Domain.csproj" />
    <Project Path="src/ProfanityService/ProfanityService.Infrastructure/ProfanityService.Infrastructure.csproj" />
  </Folder>
  <Folder Name="/src/Shared/">
    <Project Path="src/Shared/HappyHeadlines.Observability/HappyHeadlines.Observability.csproj" />
  </Folder>
  <Folder Name="/tests/">
    <Project Path="tests/ArticleService.IntegrationTests/ArticleService.IntegrationTests.csproj" />
    <Project Path="tests/ArticleService.UnitTests/ArticleService.UnitTests.csproj" />
  </Folder>
</Solution>
